
Microsoft Visual Studio Solution File, Format Version 12.00
# Visual Studio 15
VisualStudioVersion = 15.0.27428.2005
MinimumVisualStudioVersion = 10.0.40219.1
Project("{FAE04EC0-301F-11D3-BF4B-00C04F79EFBC}") = "UWP", "UWP\UWP.csproj", "{11FEAC0E-2C45-421B-A528-C6824A5F0CBD}"
EndProject
Project("{C7167F0D-BC9F-4E6E-AFE1-012C56B48DB5}") = "Package", "Package\Package.wapproj", "{8B6A07B4-263A-4923-A53F-2F67FE8AB587}"
EndProject
Project("{FAE04EC0-301F-11D3-BF4B-00C04F79EFBC}") = "FullTrust_WPF", "FullTrust_WPF\FullTrust_WPF.csproj", "{61B2AB7C-732C-4A3D-81FC-613F9F317330}"
EndProject
Project("{FAE04EC0-301F-11D3-BF4B-00C04F79EFBC}") = "FullTrust_WindowsForms", "FullTrust_WindowsForms\FullTrust_WindowsForms.csproj", "{286DE3E4-61A2-4A37-9302-8B11646301B8}"
EndProject
Project("{FAE04EC0-301F-11D3-BF4B-00C04F79EFBC}") = "FullTrust_Background", "FullTrust_Background\FullTrust_Background.csproj", "{FFBB3D28-662D-42E2-9F29-546D6F5AD5B9}"
EndProject
Project("{8BC9CEB8-8B4A-11D0-8D11-00A0C91BC942}") = "FullTrust_Win32", "FullTrust_Win32\FullTrust_Win32.vcxproj", "{D31C6E12-987C-41EB-AEE5-0D72FEBA5D0A}"
EndProject
Project("{FAE04EC0-301F-11D3-BF4B-00C04F79EFBC}") = "Launcher", "Launcher\Launcher.csproj", "{901A731E-A00D-4AC8-A247-C7BDA2BB3C3E}"
EndProject
Global
	GlobalSection(SolutionConfigurationPlatforms) = preSolution
		Debug|Any CPU = Debug|Any CPU
		Debug|ARM = Debug|ARM
		Debug|x64 = Debug|x64
		Debug|x86 = Debug|x86
		Release|Any CPU = Release|Any CPU
		Release|ARM = Release|ARM
		Release|x64 = Release|x64
		Release|x86 = Release|x86
	EndGlobalSection
	GlobalSection(ProjectConfigurationPlatforms) = postSolution
		{11FEAC0E-2C45-421B-A528-C6824A5F0CBD}.Debug|Any CPU.ActiveCfg = Debug|x86
		{11FEAC0E-2C45-421B-A528-C6824A5F0CBD}.Debug|Any CPU.Deploy.0 = Debug|x86
		{11FEAC0E-2C45-421B-A528-C6824A5F0CBD}.Debug|ARM.ActiveCfg = Debug|x86
		{11FEAC0E-2C45-421B-A528-C6824A5F0CBD}.Debug|ARM.Build.0 = Debug|ARM
		{11FEAC0E-2C45-421B-A528-C6824A5F0CBD}.Debug|ARM.Deploy.0 = Debug|x86
		{11FEAC0E-2C45-421B-A528-C6824A5F0CBD}.Debug|x64.ActiveCfg = Debug|x64
		{11FEAC0E-2C45-421B-A528-C6824A5F0CBD}.Debug|x64.Build.0 = Debug|x64
		{11FEAC0E-2C45-421B-A528-C6824A5F0CBD}.Debug|x86.ActiveCfg = Debug|x86
		{11FEAC0E-2C45-421B-A528-C6824A5F0CBD}.Debug|x86.Build.0 = Debug|x86
		{11FEAC0E-2C45-421B-A528-C6824A5F0CBD}.Release|Any CPU.ActiveCfg = Debug|x86
		{11FEAC0E-2C45-421B-A528-C6824A5F0CBD}.Release|Any CPU.Deploy.0 = Debug|x86
		{11FEAC0E-2C45-421B-A528-C6824A5F0CBD}.Release|ARM.ActiveCfg = Debug|x86
		{11FEAC0E-2C45-421B-A528-C6824A5F0CBD}.Release|ARM.Build.0 = Release|ARM
		{11FEAC0E-2C45-421B-A528-C6824A5F0CBD}.Release|ARM.Deploy.0 = Debug|x86
		{11FEAC0E-2C45-421B-A528-C6824A5F0CBD}.Release|x64.ActiveCfg = Release|x64
		{11FEAC0E-2C45-421B-A528-C6824A5F0CBD}.Release|x64.Build.0 = Release|x64
		{11FEAC0E-2C45-421B-A528-C6824A5F0CBD}.Release|x86.ActiveCfg = Release|x86
		{11FEAC0E-2C45-421B-A528-C6824A5F0CBD}.Release|x86.Build.0 = Release|x86
		{8B6A07B4-263A-4923-A53F-2F67FE8AB587}.Debug|Any CPU.ActiveCfg = Debug|Any CPU
		{8B6A07B4-263A-4923-A53F-2F67FE8AB587}.Debug|Any CPU.Build.0 = Debug|Any CPU
		{8B6A07B4-263A-4923-A53F-2F67FE8AB587}.Debug|Any CPU.Deploy.0 = Debug|Any CPU
		{8B6A07B4-263A-4923-A53F-2F67FE8AB587}.Debug|ARM.ActiveCfg = Debug|Any CPU
		{8B6A07B4-263A-4923-A53F-2F67FE8AB587}.Debug|ARM.Build.0 = Debug|Any CPU
		{8B6A07B4-263A-4923-A53F-2F67FE8AB587}.Debug|ARM.Deploy.0 = Debug|Any CPU
		{8B6A07B4-263A-4923-A53F-2F67FE8AB587}.Debug|x64.ActiveCfg = Debug|x64
		{8B6A07B4-263A-4923-A53F-2F67FE8AB587}.Debug|x64.Build.0 = Debug|x64
		{8B6A07B4-263A-4923-A53F-2F67FE8AB587}.Debug|x64.Deploy.0 = Debug|x64
		{8B6A07B4-263A-4923-A53F-2F67FE8AB587}.Debug|x86.ActiveCfg = Debug|x86
		{8B6A07B4-263A-4923-A53F-2F67FE8AB587}.Debug|x86.Build.0 = Debug|x86
		{8B6A07B4-263A-4923-A53F-2F67FE8AB587}.Debug|x86.Deploy.0 = Debug|x86
		{8B6A07B4-263A-4923-A53F-2F67FE8AB587}.Release|Any CPU.ActiveCfg = Debug|Any CPU
		{8B6A07B4-263A-4923-A53F-2F67FE8AB587}.Release|Any CPU.Build.0 = Debug|Any CPU
		{8B6A07B4-263A-4923-A53F-2F67FE8AB587}.Release|Any CPU.Deploy.0 = Debug|Any CPU
		{8B6A07B4-263A-4923-A53F-2F67FE8AB587}.Release|ARM.ActiveCfg = Debug|Any CPU
		{8B6A07B4-263A-4923-A53F-2F67FE8AB587}.Release|ARM.Build.0 = Debug|Any CPU
		{8B6A07B4-263A-4923-A53F-2F67FE8AB587}.Release|ARM.Deploy.0 = Debug|Any CPU
		{8B6A07B4-263A-4923-A53F-2F67FE8AB587}.Release|x64.ActiveCfg = Release|x64
		{8B6A07B4-263A-4923-A53F-2F67FE8AB587}.Release|x64.Build.0 = Release|x64
		{8B6A07B4-263A-4923-A53F-2F67FE8AB587}.Release|x64.Deploy.0 = Release|x64
		{8B6A07B4-263A-4923-A53F-2F67FE8AB587}.Release|x86.ActiveCfg = Release|x86
		{8B6A07B4-263A-4923-A53F-2F67FE8AB587}.Release|x86.Build.0 = Release|x86
		{8B6A07B4-263A-4923-A53F-2F67FE8AB587}.Release|x86.Deploy.0 = Release|x86
		{61B2AB7C-732C-4A3D-81FC-613F9F317330}.Debug|Any CPU.ActiveCfg = Debug|Any CPU
		{61B2AB7C-732C-4A3D-81FC-613F9F317330}.Debug|Any CPU.Build.0 = Debug|Any CPU
		{61B2AB7C-732C-4A3D-81FC-613F9F317330}.Debug|ARM.ActiveCfg = Debug|Any CPU
		{61B2AB7C-732C-4A3D-81FC-613F9F317330}.Debug|ARM.Build.0 = Debug|Any CPU
		{61B2AB7C-732C-4A3D-81FC-613F9F317330}.Debug|x64.ActiveCfg = Debug|Any CPU
		{61B2AB7C-732C-4A3D-81FC-613F9F317330}.Debug|x64.Build.0 = Debug|Any CPU
		{61B2AB7C-732C-4A3D-81FC-613F9F317330}.Debug|x86.ActiveCfg = Debug|Any CPU
		{61B2AB7C-732C-4A3D-81FC-613F9F317330}.Debug|x86.Build.0 = Debug|Any CPU
		{61B2AB7C-732C-4A3D-81FC-613F9F317330}.Release|Any CPU.ActiveCfg = Debug|Any CPU
		{61B2AB7C-732C-4A3D-81FC-613F9F317330}.Release|Any CPU.Build.0 = Debug|Any CPU
		{61B2AB7C-732C-4A3D-81FC-613F9F317330}.Release|ARM.ActiveCfg = Debug|Any CPU
		{61B2AB7C-732C-4A3D-81FC-613F9F317330}.Release|ARM.Build.0 = Debug|Any CPU
		{61B2AB7C-732C-4A3D-81FC-613F9F317330}.Release|x64.ActiveCfg = Release|Any CPU
		{61B2AB7C-732C-4A3D-81FC-613F9F317330}.Release|x64.Build.0 = Release|Any CPU
		{61B2AB7C-732C-4A3D-81FC-613F9F317330}.Release|x86.ActiveCfg = Release|Any CPU
		{61B2AB7C-732C-4A3D-81FC-613F9F317330}.Release|x86.Build.0 = Release|Any CPU
		{286DE3E4-61A2-4A37-9302-8B11646301B8}.Debug|Any CPU.ActiveCfg = Debug|Any CPU
		{286DE3E4-61A2-4A37-9302-8B11646301B8}.Debug|Any CPU.Build.0 = Debug|Any CPU
		{286DE3E4-61A2-4A37-9302-8B11646301B8}.Debug|ARM.ActiveCfg = Debug|Any CPU
		{286DE3E4-61A2-4A37-9302-8B11646301B8}.Debug|ARM.Build.0 = Debug|Any CPU
		{286DE3E4-61A2-4A37-9302-8B11646301B8}.Debug|x64.ActiveCfg = Debug|Any CPU
		{286DE3E4-61A2-4A37-9302-8B11646301B8}.Debug|x64.Build.0 = Debug|Any CPU
		{286DE3E4-61A2-4A37-9302-8B11646301B8}.Debug|x86.ActiveCfg = Debug|Any CPU
		{286DE3E4-61A2-4A37-9302-8B11646301B8}.Debug|x86.Build.0 = Debug|Any CPU
		{286DE3E4-61A2-4A37-9302-8B11646301B8}.Release|Any CPU.ActiveCfg = Debug|Any CPU
		{286DE3E4-61A2-4A37-9302-8B11646301B8}.Release|Any CPU.Build.0 = Debug|Any CPU
		{286DE3E4-61A2-4A37-9302-8B11646301B8}.Release|ARM.ActiveCfg = Debug|Any CPU
		{286DE3E4-61A2-4A37-9302-8B11646301B8}.Release|ARM.Build.0 = Debug|Any CPU
		{286DE3E4-61A2-4A37-9302-8B11646301B8}.Release|x64.ActiveCfg = Release|Any CPU
		{286DE3E4-61A2-4A37-9302-8B11646301B8}.Release|x64.Build.0 = Release|Any CPU
		{286DE3E4-61A2-4A37-9302-8B11646301B8}.Release|x86.ActiveCfg = Release|Any CPU
		{286DE3E4-61A2-4A37-9302-8B11646301B8}.Release|x86.Build.0 = Release|Any CPU
		{FFBB3D28-662D-42E2-9F29-546D6F5AD5B9}.Debug|Any CPU.ActiveCfg = Debug|Any CPU
		{FFBB3D28-662D-42E2-9F29-546D6F5AD5B9}.Debug|Any CPU.Build.0 = Debug|Any CPU
		{FFBB3D28-662D-42E2-9F29-546D6F5AD5B9}.Debug|ARM.ActiveCfg = Debug|Any CPU
		{FFBB3D28-662D-42E2-9F29-546D6F5AD5B9}.Debug|ARM.Build.0 = Debug|Any CPU
		{FFBB3D28-662D-42E2-9F29-546D6F5AD5B9}.Debug|x64.ActiveCfg = Debug|Any CPU
		{FFBB3D28-662D-42E2-9F29-546D6F5AD5B9}.Debug|x64.Build.0 = Debug|Any CPU
		{FFBB3D28-662D-42E2-9F29-546D6F5AD5B9}.Debug|x86.ActiveCfg = Debug|Any CPU
		{FFBB3D28-662D-42E2-9F29-546D6F5AD5B9}.Debug|x86.Build.0 = Debug|Any CPU
		{FFBB3D28-662D-42E2-9F29-546D6F5AD5B9}.Release|Any CPU.ActiveCfg = Debug|Any CPU
		{FFBB3D28-662D-42E2-9F29-546D6F5AD5B9}.Release|Any CPU.Build.0 = Debug|Any CPU
		{FFBB3D28-662D-42E2-9F29-546D6F5AD5B9}.Release|ARM.ActiveCfg = Debug|Any CPU
		{FFBB3D28-662D-42E2-9F29-546D6F5AD5B9}.Release|ARM.Build.0 = Debug|Any CPU
		{FFBB3D28-662D-42E2-9F29-546D6F5AD5B9}.Release|x64.ActiveCfg = Release|Any CPU
		{FFBB3D28-662D-42E2-9F29-546D6F5AD5B9}.Release|x64.Build.0 = Release|Any CPU
		{FFBB3D28-662D-42E2-9F29-546D6F5AD5B9}.Release|x86.ActiveCfg = Release|Any CPU
		{FFBB3D28-662D-42E2-9F29-546D6F5AD5B9}.Release|x86.Build.0 = Release|Any CPU
		{D31C6E12-987C-41EB-AEE5-0D72FEBA5D0A}.Debug|Any CPU.ActiveCfg = Debug|Win32
		{D31C6E12-987C-41EB-AEE5-0D72FEBA5D0A}.Debug|ARM.ActiveCfg = Debug|Win32
		{D31C6E12-987C-41EB-AEE5-0D72FEBA5D0A}.Debug|x64.ActiveCfg = Debug|x64
		{D31C6E12-987C-41EB-AEE5-0D72FEBA5D0A}.Debug|x64.Build.0 = Debug|x64
		{D31C6E12-987C-41EB-AEE5-0D72FEBA5D0A}.Debug|x86.ActiveCfg = Debug|Win32
		{D31C6E12-987C-41EB-AEE5-0D72FEBA5D0A}.Debug|x86.Build.0 = Debug|Win32
		{D31C6E12-987C-41EB-AEE5-0D72FEBA5D0A}.Release|Any CPU.ActiveCfg = Debug|Win32
		{D31C6E12-987C-41EB-AEE5-0D72FEBA5D0A}.Release|ARM.ActiveCfg = Debug|Win32
		{D31C6E12-987C-41EB-AEE5-0D72FEBA5D0A}.Release|x64.ActiveCfg = Release|x64
		{D31C6E12-987C-41EB-AEE5-0D72FEBA5D0A}.Release|x64.Build.0 = Release|x64
		{D31C6E12-987C-41EB-AEE5-0D72FEBA5D0A}.Release|x86.ActiveCfg = Release|Win32
		{D31C6E12-987C-41EB-AEE5-0D72FEBA5D0A}.Release|x86.Build.0 = Release|Win32
		{901A731E-A00D-4AC8-A247-C7BDA2BB3C3E}.Debug|Any CPU.ActiveCfg = Debug|Any CPU
		{901A731E-A00D-4AC8-A247-C7BDA2BB3C3E}.Debug|Any CPU.Build.0 = Debug|Any CPU
		{901A731E-A00D-4AC8-A247-C7BDA2BB3C3E}.Debug|ARM.ActiveCfg = Debug|Any CPU
		{901A731E-A00D-4AC8-A247-C7BDA2BB3C3E}.Debug|ARM.Build.0 = Debug|Any CPU
		{901A731E-A00D-4AC8-A247-C7BDA2BB3C3E}.Debug|x64.ActiveCfg = Debug|Any CPU
		{901A731E-A00D-4AC8-A247-C7BDA2BB3C3E}.Debug|x64.Build.0 = Debug|Any CPU
		{901A731E-A00D-4AC8-A247-C7BDA2BB3C3E}.Debug|x86.ActiveCfg = Debug|Any CPU
		{901A731E-A00D-4AC8-A247-C7BDA2BB3C3E}.Debug|x86.Build.0 = Debug|Any CPU
		{901A731E-A00D-4AC8-A247-C7BDA2BB3C3E}.Release|Any CPU.ActiveCfg = Debug|Any CPU
		{901A731E-A00D-4AC8-A247-C7BDA2BB3C3E}.Release|Any CPU.Build.0 = Debug|Any CPU
		{901A731E-A00D-4AC8-A247-C7BDA2BB3C3E}.Release|ARM.ActiveCfg = Debug|Any CPU
		{901A731E-A00D-4AC8-A247-C7BDA2BB3C3E}.Release|ARM.Build.0 = Debug|Any CPU
		{901A731E-A00D-4AC8-A247-C7BDA2BB3C3E}.Release|x64.ActiveCfg = Release|Any CPU
		{901A731E-A00D-4AC8-A247-C7BDA2BB3C3E}.Release|x64.Build.0 = Release|Any CPU
		{901A731E-A00D-4AC8-A247-C7BDA2BB3C3E}.Release|x86.ActiveCfg = Release|Any CPU
		{901A731E-A00D-4AC8-A247-C7BDA2BB3C3E}.Release|x86.Build.0 = Release|Any CPU
	EndGlobalSection
	GlobalSection(SolutionProperties) = preSolution
		HideSolutionNode = FALSE
	EndGlobalSection
	GlobalSection(ExtensibilityGlobals) = postSolution
		SolutionGuid = {A51F1DD5-FF10-41C2-9658-85DCC445760F}
	EndGlobalSection
EndGlobal
